
Microsoft Visual Studio Solution File, Format Version 12.00
# Visual Studio Version 17
VisualStudioVersion = 17.2.32616.157
MinimumVisualStudioVersion = 10.0.40219.1
Project("{FAE04EC0-301F-11D3-BF4B-00C04F79EFBC}") = "QuanLyMuaBanHanghoa", "QuanLyMuaBanHanghoa\QuanLyMuaBanHanghoa.csproj", "{26505EF4-1D68-47A3-9D05-6189FCFA8523}"
EndProject
Global
	GlobalSection(SolutionConfigurationPlatforms) = preSolution
		Debug|Any CPU = Debug|Any CPU
		Release|Any CPU = Release|Any CPU
	EndGlobalSection
	GlobalSection(ProjectConfigurationPlatforms) = postSolution
		{26505EF4-1D68-47A3-9D05-6189FCFA8523}.Debug|Any CPU.ActiveCfg = Debug|Any CPU
		{26505EF4-1D68-47A3-9D05-6189FCFA8523}.Debug|Any CPU.Build.0 = Debug|Any CPU
		{26505EF4-1D68-47A3-9D05-6189FCFA8523}.Release|Any CPU.ActiveCfg = Release|Any CPU
		{26505EF4-1D68-47A3-9D05-6189FCFA8523}.Release|Any CPU.Build.0 = Release|Any CPU
	EndGlobalSection
	GlobalSection(SolutionProperties) = preSolution
		HideSolutionNode = FALSE
	EndGlobalSection
	GlobalSection(ExtensibilityGlobals) = postSolution
		SolutionGuid = {3595A2E2-0297-4EB7-8935-0427F29340CA}
	EndGlobalSection
EndGlobal
